{
  "definition": "./",
  "private": {
    "libraries": [ {
      "definition": "https://github.com/Zefiros-Software/GoogleTest.git",
      "hash": "f1a87d73fc604c5ab8fbb0cc6fa9a86ffd845530",
      "name": "Zefiros-Software/GoogleTest",
      "repository": "https://github.com/google/googletest.git",
      "tag": "HEAD",
      "versionRequirement": "@head"
    }, {
      "definition": "../",
      "hash": "2712267857492b27d8659a24030ad336ef2a9291",
      "name": "Zefiros-Software/Armadillo",
      "optionals": {
        "libraries": [ {
          "name": "Zefiros-Software/MKL",
          "versionRequirements": "@head"
        } ]
      },
      "repository": "https://github.com/conradsnicta/armadillo-code.git",
      "tag": "HEAD",
      "versionRequirement": "@head"
    } ]
  },
  "public": {
    "libraries": [ {
      "definition": "https://github.com/Zefiros-Software/MKL.git",
      "hash": "58d5ec3e7bb4f611daf70795f504c471e385a90a",
      "name": "Zefiros-Software/MKL",
      "repository": "https://github.com/Zefiros-Software/MKL.git",
      "tag": "HEAD",
      "versionRequirement": "@head"
    } ]
  },
  "repository": "./"
}